
Microsoft Visual Studio Solution File, Format Version 12.00
# Visual Studio Version 17
VisualStudioVersion = 17.10.35122.118
MinimumVisualStudioVersion = 10.0.40219.1
Project("{FAE04EC0-301F-11D3-BF4B-00C04F79EFBC}") = "Practico2", "Practico2\Practico2.csproj", "{125050EF-7C43-4BB1-A750-B0BFE553A57C}"
EndProject
Global
	GlobalSection(SolutionConfigurationPlatforms) = preSolution
		Debug|Any CPU = Debug|Any CPU
		Release|Any CPU = Release|Any CPU
	EndGlobalSection
	GlobalSection(ProjectConfigurationPlatforms) = postSolution
		{125050EF-7C43-4BB1-A750-B0BFE553A57C}.Debug|Any CPU.ActiveCfg = Debug|Any CPU
		{125050EF-7C43-4BB1-A750-B0BFE553A57C}.Debug|Any CPU.Build.0 = Debug|Any CPU
		{125050EF-7C43-4BB1-A750-B0BFE553A57C}.Release|Any CPU.ActiveCfg = Release|Any CPU
		{125050EF-7C43-4BB1-A750-B0BFE553A57C}.Release|Any CPU.Build.0 = Release|Any CPU
	EndGlobalSection
	GlobalSection(SolutionProperties) = preSolution
		HideSolutionNode = FALSE
	EndGlobalSection
	GlobalSection(ExtensibilityGlobals) = postSolution
		SolutionGuid = {FBB419B6-F42F-4C01-AFD4-A371FF9BC0EA}
	EndGlobalSection
EndGlobal
